
Microsoft Visual Studio Solution File, Format Version 12.00
# Visual Studio Version 17
VisualStudioVersion = 17.6.33815.320
MinimumVisualStudioVersion = 10.0.40219.1
Project("{9A19103F-16F7-4668-BE54-9A1E7A4F7556}") = "Projeto_imc", "Projeto_imc\Projeto_imc.csproj", "{69C80C54-E21B-4465-B161-DD1F161224F8}"
EndProject
Project("{FAE04EC0-301F-11D3-BF4B-00C04F79EFBC}") = "TestMsTeste", "TestMsTeste\TestMsTeste.csproj", "{B512E634-09F9-4791-98D2-D417FADCD762}"
EndProject
Project("{FAE04EC0-301F-11D3-BF4B-00C04F79EFBC}") = "TestXUnit", "TestXUnit\TestXUnit.csproj", "{69A5A1AA-22A1-4046-8EF3-5C64C02712AC}"
EndProject
Global
	GlobalSection(SolutionConfigurationPlatforms) = preSolution
		Debug|Any CPU = Debug|Any CPU
		Release|Any CPU = Release|Any CPU
	EndGlobalSection
	GlobalSection(ProjectConfigurationPlatforms) = postSolution
		{69C80C54-E21B-4465-B161-DD1F161224F8}.Debug|Any CPU.ActiveCfg = Debug|Any CPU
		{69C80C54-E21B-4465-B161-DD1F161224F8}.Debug|Any CPU.Build.0 = Debug|Any CPU
		{69C80C54-E21B-4465-B161-DD1F161224F8}.Release|Any CPU.ActiveCfg = Release|Any CPU
		{69C80C54-E21B-4465-B161-DD1F161224F8}.Release|Any CPU.Build.0 = Release|Any CPU
		{B512E634-09F9-4791-98D2-D417FADCD762}.Debug|Any CPU.ActiveCfg = Debug|Any CPU
		{B512E634-09F9-4791-98D2-D417FADCD762}.Debug|Any CPU.Build.0 = Debug|Any CPU
		{B512E634-09F9-4791-98D2-D417FADCD762}.Release|Any CPU.ActiveCfg = Release|Any CPU
		{B512E634-09F9-4791-98D2-D417FADCD762}.Release|Any CPU.Build.0 = Release|Any CPU
		{69A5A1AA-22A1-4046-8EF3-5C64C02712AC}.Debug|Any CPU.ActiveCfg = Debug|Any CPU
		{69A5A1AA-22A1-4046-8EF3-5C64C02712AC}.Debug|Any CPU.Build.0 = Debug|Any CPU
		{69A5A1AA-22A1-4046-8EF3-5C64C02712AC}.Release|Any CPU.ActiveCfg = Release|Any CPU
		{69A5A1AA-22A1-4046-8EF3-5C64C02712AC}.Release|Any CPU.Build.0 = Release|Any CPU
	EndGlobalSection
	GlobalSection(SolutionProperties) = preSolution
		HideSolutionNode = FALSE
	EndGlobalSection
	GlobalSection(ExtensibilityGlobals) = postSolution
		SolutionGuid = {887FCD46-D5D4-4B9A-9D77-190E9D47648B}
	EndGlobalSection
EndGlobal
